
Microsoft Visual Studio Solution File, Format Version 12.00
# Visual Studio 14
VisualStudioVersion = 14.0.25420.1
MinimumVisualStudioVersion = 10.0.40219.1
Project("{FAE04EC0-301F-11D3-BF4B-00C04F79EFBC}") = "A007_WPF", "A007_WPF\A007_WPF.csproj", "{48D7150B-CAF7-49D1-A726-1C25599FF258}"
EndProject
Project("{FAE04EC0-301F-11D3-BF4B-00C04F79EFBC}") = "A008_Hello", "A008_Hello\A008_Hello.csproj", "{DD61BFF5-F66A-4D73-88CB-90C0226781AB}"
EndProject
Project("{FAE04EC0-301F-11D3-BF4B-00C04F79EFBC}") = "A009_MouseUp", "A009_MouseUp\A009_MouseUp.csproj", "{A5A7CF00-A5C8-4948-AE62-9FAA19C2737D}"
EndProject
Project("{FAE04EC0-301F-11D3-BF4B-00C04F79EFBC}") = "A010_AboutGrid", "A010_AboutGrid\A010_AboutGrid.csproj", "{8E8F3DE7-F21C-4448-9FDC-24EA6A9001EC}"
EndProject
Project("{FAE04EC0-301F-11D3-BF4B-00C04F79EFBC}") = "A011_StackPanel", "A011_StackPanel\A011_StackPanel.csproj", "{7C01F353-5C96-4040-B67D-EBCA8FCD6080}"
EndProject
Project("{FAE04EC0-301F-11D3-BF4B-00C04F79EFBC}") = "A012_LoginWPF", "A012_LoginWPF\A012_LoginWPF.csproj", "{7B80CDA2-854C-4F21-855F-4EDAA60D6E0F}"
EndProject
Project("{FAE04EC0-301F-11D3-BF4B-00C04F79EFBC}") = "A013_Array", "A013_Array\A013_Array.csproj", "{B05BCDD9-E1E2-451F-8210-7C329CD427C2}"
EndProject
Project("{FAE04EC0-301F-11D3-BF4B-00C04F79EFBC}") = "A014_GradeCalc", "A014_GradeCalc\A014_GradeCalc.csproj", "{21F5819F-E3CD-44E0-A2C8-AFF6A3B6D61C}"
EndProject
Project("{FAE04EC0-301F-11D3-BF4B-00C04F79EFBC}") = "A015_GradeCalc", "A015_GradeCalc\A015_GradeCalc.csproj", "{F8A42F4C-36DC-4F08-9ACB-1ED3B99A9ADC}"
EndProject
Project("{FAE04EC0-301F-11D3-BF4B-00C04F79EFBC}") = "A016_UnitConverter", "A016_UnitConverter\A016_UnitConverter.csproj", "{9F3915C3-97EA-45AD-A856-653AEC671746}"
EndProject
Project("{FAE04EC0-301F-11D3-BF4B-00C04F79EFBC}") = "A017_WPFCalc", "A017_WPFCalc\A017_WPFCalc.csproj", "{E850C0C2-54E6-4B9E-8E69-DD17053EE79A}"
EndProject
Project("{FAE04EC0-301F-11D3-BF4B-00C04F79EFBC}") = "A018_ClassBasic", "A018_ClassBasic\A018_ClassBasic.csproj", "{01BB85BD-02B5-4479-909A-069D233EA675}"
EndProject
Project("{FAE04EC0-301F-11D3-BF4B-00C04F79EFBC}") = "A019_Omok", "A019_Omok\A019_Omok.csproj", "{6409C936-ED56-4382-9207-83D84C876321}"
EndProject
Project("{FAE04EC0-301F-11D3-BF4B-00C04F79EFBC}") = "A020_List", "A020_List\A020_List.csproj", "{296A1439-2BAD-4717-90EA-BDD6264653A2}"
EndProject
Project("{FAE04EC0-301F-11D3-BF4B-00C04F79EFBC}") = "A021_Database", "A021_Database\A021_Database.csproj", "{1248A4F5-D127-41AE-A787-109F5CEC7649}"
EndProject
Project("{FAE04EC0-301F-11D3-BF4B-00C04F79EFBC}") = "A022_WriteLine", "A022_WriteLine\A022_WriteLine.csproj", "{97C1F647-0D02-414A-A1E8-3D8747DA6EAA}"
EndProject
Project("{FAE04EC0-301F-11D3-BF4B-00C04F79EFBC}") = "A023_ListAndArray", "A023_ListAndArray\A023_ListAndArray.csproj", "{D94DC81D-0BB6-48CA-8FEB-D4C5D146CBD5}"
EndProject
Project("{FAE04EC0-301F-11D3-BF4B-00C04F79EFBC}") = "A024_SnakeBite", "A024_SnakeBite\A024_SnakeBite.csproj", "{B92360D2-5DE5-45EF-A174-0A517FA4A094}"
EndProject
Project("{FAE04EC0-301F-11D3-BF4B-00C04F79EFBC}") = "A025_ECGPPG", "A025_ECGPPG\A025_ECGPPG.csproj", "{568522E5-5A93-48A6-B0B3-B67F58AE3B0E}"
EndProject
Project("{FAE04EC0-301F-11D3-BF4B-00C04F79EFBC}") = "A026_DigitalClock", "026_DigitalClock\A026_DigitalClock.csproj", "{C46F0B8D-09E4-4CE8-BEC2-E8F6BAD52A93}"
EndProject
Project("{FAE04EC0-301F-11D3-BF4B-00C04F79EFBC}") = "A027_FormDClock", "A026_FormDClock\A027_FormDClock.csproj", "{D6DB5524-75FC-4654-939F-5D7898282B92}"
EndProject
Project("{FAE04EC0-301F-11D3-BF4B-00C04F79EFBC}") = "A028_FormClock", "A028_FormClock\A028_FormClock.csproj", "{58E134BC-5B27-4F89-95C4-C24AB5C63241}"
EndProject
Project("{FAE04EC0-301F-11D3-BF4B-00C04F79EFBC}") = "A029_WPF_Sample", "A029_WPF_Sample\A029_WPF_Sample.csproj", "{25C10A80-ACA2-4B7D-A675-2BE095E3B4BB}"
EndProject
Project("{FAE04EC0-301F-11D3-BF4B-00C04F79EFBC}") = "A030_WPFClock", "A030_WPFClock\A030_WPFClock.csproj", "{953E558A-1DB0-4D3B-940B-132B67078D1B}"
EndProject
Global
	GlobalSection(SolutionConfigurationPlatforms) = preSolution
		Debug|Any CPU = Debug|Any CPU
		Release|Any CPU = Release|Any CPU
	EndGlobalSection
	GlobalSection(ProjectConfigurationPlatforms) = postSolution
		{48D7150B-CAF7-49D1-A726-1C25599FF258}.Debug|Any CPU.ActiveCfg = Debug|Any CPU
		{48D7150B-CAF7-49D1-A726-1C25599FF258}.Debug|Any CPU.Build.0 = Debug|Any CPU
		{48D7150B-CAF7-49D1-A726-1C25599FF258}.Release|Any CPU.ActiveCfg = Release|Any CPU
		{48D7150B-CAF7-49D1-A726-1C25599FF258}.Release|Any CPU.Build.0 = Release|Any CPU
		{DD61BFF5-F66A-4D73-88CB-90C0226781AB}.Debug|Any CPU.ActiveCfg = Debug|Any CPU
		{DD61BFF5-F66A-4D73-88CB-90C0226781AB}.Debug|Any CPU.Build.0 = Debug|Any CPU
		{DD61BFF5-F66A-4D73-88CB-90C0226781AB}.Release|Any CPU.ActiveCfg = Release|Any CPU
		{DD61BFF5-F66A-4D73-88CB-90C0226781AB}.Release|Any CPU.Build.0 = Release|Any CPU
		{A5A7CF00-A5C8-4948-AE62-9FAA19C2737D}.Debug|Any CPU.ActiveCfg = Debug|Any CPU
		{A5A7CF00-A5C8-4948-AE62-9FAA19C2737D}.Debug|Any CPU.Build.0 = Debug|Any CPU
		{A5A7CF00-A5C8-4948-AE62-9FAA19C2737D}.Release|Any CPU.ActiveCfg = Release|Any CPU
		{A5A7CF00-A5C8-4948-AE62-9FAA19C2737D}.Release|Any CPU.Build.0 = Release|Any CPU
		{8E8F3DE7-F21C-4448-9FDC-24EA6A9001EC}.Debug|Any CPU.ActiveCfg = Debug|Any CPU
		{8E8F3DE7-F21C-4448-9FDC-24EA6A9001EC}.Debug|Any CPU.Build.0 = Debug|Any CPU
		{8E8F3DE7-F21C-4448-9FDC-24EA6A9001EC}.Release|Any CPU.ActiveCfg = Release|Any CPU
		{8E8F3DE7-F21C-4448-9FDC-24EA6A9001EC}.Release|Any CPU.Build.0 = Release|Any CPU
		{7C01F353-5C96-4040-B67D-EBCA8FCD6080}.Debug|Any CPU.ActiveCfg = Debug|Any CPU
		{7C01F353-5C96-4040-B67D-EBCA8FCD6080}.Debug|Any CPU.Build.0 = Debug|Any CPU
		{7C01F353-5C96-4040-B67D-EBCA8FCD6080}.Release|Any CPU.ActiveCfg = Release|Any CPU
		{7C01F353-5C96-4040-B67D-EBCA8FCD6080}.Release|Any CPU.Build.0 = Release|Any CPU
		{7B80CDA2-854C-4F21-855F-4EDAA60D6E0F}.Debug|Any CPU.ActiveCfg = Debug|Any CPU
		{7B80CDA2-854C-4F21-855F-4EDAA60D6E0F}.Debug|Any CPU.Build.0 = Debug|Any CPU
		{7B80CDA2-854C-4F21-855F-4EDAA60D6E0F}.Release|Any CPU.ActiveCfg = Release|Any CPU
		{7B80CDA2-854C-4F21-855F-4EDAA60D6E0F}.Release|Any CPU.Build.0 = Release|Any CPU
		{B05BCDD9-E1E2-451F-8210-7C329CD427C2}.Debug|Any CPU.ActiveCfg = Debug|Any CPU
		{B05BCDD9-E1E2-451F-8210-7C329CD427C2}.Debug|Any CPU.Build.0 = Debug|Any CPU
		{B05BCDD9-E1E2-451F-8210-7C329CD427C2}.Release|Any CPU.ActiveCfg = Release|Any CPU
		{B05BCDD9-E1E2-451F-8210-7C329CD427C2}.Release|Any CPU.Build.0 = Release|Any CPU
		{21F5819F-E3CD-44E0-A2C8-AFF6A3B6D61C}.Debug|Any CPU.ActiveCfg = Debug|Any CPU
		{21F5819F-E3CD-44E0-A2C8-AFF6A3B6D61C}.Debug|Any CPU.Build.0 = Debug|Any CPU
		{21F5819F-E3CD-44E0-A2C8-AFF6A3B6D61C}.Release|Any CPU.ActiveCfg = Release|Any CPU
		{21F5819F-E3CD-44E0-A2C8-AFF6A3B6D61C}.Release|Any CPU.Build.0 = Release|Any CPU
		{F8A42F4C-36DC-4F08-9ACB-1ED3B99A9ADC}.Debug|Any CPU.ActiveCfg = Debug|Any CPU
		{F8A42F4C-36DC-4F08-9ACB-1ED3B99A9ADC}.Debug|Any CPU.Build.0 = Debug|Any CPU
		{F8A42F4C-36DC-4F08-9ACB-1ED3B99A9ADC}.Release|Any CPU.ActiveCfg = Release|Any CPU
		{F8A42F4C-36DC-4F08-9ACB-1ED3B99A9ADC}.Release|Any CPU.Build.0 = Release|Any CPU
		{9F3915C3-97EA-45AD-A856-653AEC671746}.Debug|Any CPU.ActiveCfg = Debug|Any CPU
		{9F3915C3-97EA-45AD-A856-653AEC671746}.Debug|Any CPU.Build.0 = Debug|Any CPU
		{9F3915C3-97EA-45AD-A856-653AEC671746}.Release|Any CPU.ActiveCfg = Release|Any CPU
		{9F3915C3-97EA-45AD-A856-653AEC671746}.Release|Any CPU.Build.0 = Release|Any CPU
		{E850C0C2-54E6-4B9E-8E69-DD17053EE79A}.Debug|Any CPU.ActiveCfg = Debug|Any CPU
		{E850C0C2-54E6-4B9E-8E69-DD17053EE79A}.Debug|Any CPU.Build.0 = Debug|Any CPU
		{E850C0C2-54E6-4B9E-8E69-DD17053EE79A}.Release|Any CPU.ActiveCfg = Release|Any CPU
		{E850C0C2-54E6-4B9E-8E69-DD17053EE79A}.Release|Any CPU.Build.0 = Release|Any CPU
		{01BB85BD-02B5-4479-909A-069D233EA675}.Debug|Any CPU.ActiveCfg = Debug|Any CPU
		{01BB85BD-02B5-4479-909A-069D233EA675}.Debug|Any CPU.Build.0 = Debug|Any CPU
		{01BB85BD-02B5-4479-909A-069D233EA675}.Release|Any CPU.ActiveCfg = Release|Any CPU
		{01BB85BD-02B5-4479-909A-069D233EA675}.Release|Any CPU.Build.0 = Release|Any CPU
		{6409C936-ED56-4382-9207-83D84C876321}.Debug|Any CPU.ActiveCfg = Debug|Any CPU
		{6409C936-ED56-4382-9207-83D84C876321}.Debug|Any CPU.Build.0 = Debug|Any CPU
		{6409C936-ED56-4382-9207-83D84C876321}.Release|Any CPU.ActiveCfg = Release|Any CPU
		{6409C936-ED56-4382-9207-83D84C876321}.Release|Any CPU.Build.0 = Release|Any CPU
		{296A1439-2BAD-4717-90EA-BDD6264653A2}.Debug|Any CPU.ActiveCfg = Debug|Any CPU
		{296A1439-2BAD-4717-90EA-BDD6264653A2}.Debug|Any CPU.Build.0 = Debug|Any CPU
		{296A1439-2BAD-4717-90EA-BDD6264653A2}.Release|Any CPU.ActiveCfg = Release|Any CPU
		{296A1439-2BAD-4717-90EA-BDD6264653A2}.Release|Any CPU.Build.0 = Release|Any CPU
		{1248A4F5-D127-41AE-A787-109F5CEC7649}.Debug|Any CPU.ActiveCfg = Debug|Any CPU
		{1248A4F5-D127-41AE-A787-109F5CEC7649}.Debug|Any CPU.Build.0 = Debug|Any CPU
		{1248A4F5-D127-41AE-A787-109F5CEC7649}.Release|Any CPU.ActiveCfg = Release|Any CPU
		{1248A4F5-D127-41AE-A787-109F5CEC7649}.Release|Any CPU.Build.0 = Release|Any CPU
		{97C1F647-0D02-414A-A1E8-3D8747DA6EAA}.Debug|Any CPU.ActiveCfg = Debug|Any CPU
		{97C1F647-0D02-414A-A1E8-3D8747DA6EAA}.Debug|Any CPU.Build.0 = Debug|Any CPU
		{97C1F647-0D02-414A-A1E8-3D8747DA6EAA}.Release|Any CPU.ActiveCfg = Release|Any CPU
		{97C1F647-0D02-414A-A1E8-3D8747DA6EAA}.Release|Any CPU.Build.0 = Release|Any CPU
		{D94DC81D-0BB6-48CA-8FEB-D4C5D146CBD5}.Debug|Any CPU.ActiveCfg = Debug|Any CPU
		{D94DC81D-0BB6-48CA-8FEB-D4C5D146CBD5}.Debug|Any CPU.Build.0 = Debug|Any CPU
		{D94DC81D-0BB6-48CA-8FEB-D4C5D146CBD5}.Release|Any CPU.ActiveCfg = Release|Any CPU
		{D94DC81D-0BB6-48CA-8FEB-D4C5D146CBD5}.Release|Any CPU.Build.0 = Release|Any CPU
		{B92360D2-5DE5-45EF-A174-0A517FA4A094}.Debug|Any CPU.ActiveCfg = Debug|Any CPU
		{B92360D2-5DE5-45EF-A174-0A517FA4A094}.Debug|Any CPU.Build.0 = Debug|Any CPU
		{B92360D2-5DE5-45EF-A174-0A517FA4A094}.Release|Any CPU.ActiveCfg = Release|Any CPU
		{B92360D2-5DE5-45EF-A174-0A517FA4A094}.Release|Any CPU.Build.0 = Release|Any CPU
		{568522E5-5A93-48A6-B0B3-B67F58AE3B0E}.Debug|Any CPU.ActiveCfg = Debug|Any CPU
		{568522E5-5A93-48A6-B0B3-B67F58AE3B0E}.Debug|Any CPU.Build.0 = Debug|Any CPU
		{568522E5-5A93-48A6-B0B3-B67F58AE3B0E}.Release|Any CPU.ActiveCfg = Release|Any CPU
		{568522E5-5A93-48A6-B0B3-B67F58AE3B0E}.Release|Any CPU.Build.0 = Release|Any CPU
		{C46F0B8D-09E4-4CE8-BEC2-E8F6BAD52A93}.Debug|Any CPU.ActiveCfg = Debug|Any CPU
		{C46F0B8D-09E4-4CE8-BEC2-E8F6BAD52A93}.Debug|Any CPU.Build.0 = Debug|Any CPU
		{C46F0B8D-09E4-4CE8-BEC2-E8F6BAD52A93}.Release|Any CPU.ActiveCfg = Release|Any CPU
		{C46F0B8D-09E4-4CE8-BEC2-E8F6BAD52A93}.Release|Any CPU.Build.0 = Release|Any CPU
		{D6DB5524-75FC-4654-939F-5D7898282B92}.Debug|Any CPU.ActiveCfg = Debug|Any CPU
		{D6DB5524-75FC-4654-939F-5D7898282B92}.Debug|Any CPU.Build.0 = Debug|Any CPU
		{D6DB5524-75FC-4654-939F-5D7898282B92}.Release|Any CPU.ActiveCfg = Release|Any CPU
		{D6DB5524-75FC-4654-939F-5D7898282B92}.Release|Any CPU.Build.0 = Release|Any CPU
		{58E134BC-5B27-4F89-95C4-C24AB5C63241}.Debug|Any CPU.ActiveCfg = Debug|Any CPU
		{58E134BC-5B27-4F89-95C4-C24AB5C63241}.Debug|Any CPU.Build.0 = Debug|Any CPU
		{58E134BC-5B27-4F89-95C4-C24AB5C63241}.Release|Any CPU.ActiveCfg = Release|Any CPU
		{58E134BC-5B27-4F89-95C4-C24AB5C63241}.Release|Any CPU.Build.0 = Release|Any CPU
		{25C10A80-ACA2-4B7D-A675-2BE095E3B4BB}.Debug|Any CPU.ActiveCfg = Debug|Any CPU
		{25C10A80-ACA2-4B7D-A675-2BE095E3B4BB}.Debug|Any CPU.Build.0 = Debug|Any CPU
		{25C10A80-ACA2-4B7D-A675-2BE095E3B4BB}.Release|Any CPU.ActiveCfg = Release|Any CPU
		{25C10A80-ACA2-4B7D-A675-2BE095E3B4BB}.Release|Any CPU.Build.0 = Release|Any CPU
		{953E558A-1DB0-4D3B-940B-132B67078D1B}.Debug|Any CPU.ActiveCfg = Debug|Any CPU
		{953E558A-1DB0-4D3B-940B-132B67078D1B}.Debug|Any CPU.Build.0 = Debug|Any CPU
		{953E558A-1DB0-4D3B-940B-132B67078D1B}.Release|Any CPU.ActiveCfg = Release|Any CPU
		{953E558A-1DB0-4D3B-940B-132B67078D1B}.Release|Any CPU.Build.0 = Release|Any CPU
	EndGlobalSection
	GlobalSection(SolutionProperties) = preSolution
		HideSolutionNode = FALSE
	EndGlobalSection
EndGlobal
